
Microsoft Visual Studio Solution File, Format Version 12.00
# Visual Studio Version 17
VisualStudioVersion = 17.0.31903.59
MinimumVisualStudioVersion = 10.0.40219.1
Project("{FAE04EC0-301F-11D3-BF4B-00C04F79EFBC}") = "API", "API\API.csproj", "{D0A0CEB5-EA6E-4F2E-9156-2F6774692919}"
EndProject
Project("{FAE04EC0-301F-11D3-BF4B-00C04F79EFBC}") = "Core", "Core\Core.csproj", "{61B2DAF7-67CF-45DB-BA2A-776037BEBCAC}"
EndProject
Project("{FAE04EC0-301F-11D3-BF4B-00C04F79EFBC}") = "Infrastructure", "Infrastructure\Infrastructure.csproj", "{681AE2FA-C315-4093-97A9-F149B315D88E}"
EndProject
Global
	GlobalSection(SolutionConfigurationPlatforms) = preSolution
		Debug|Any CPU = Debug|Any CPU
		Release|Any CPU = Release|Any CPU
	EndGlobalSection
	GlobalSection(SolutionProperties) = preSolution
		HideSolutionNode = FALSE
	EndGlobalSection
	GlobalSection(ProjectConfigurationPlatforms) = postSolution
		{D0A0CEB5-EA6E-4F2E-9156-2F6774692919}.Debug|Any CPU.ActiveCfg = Debug|Any CPU
		{D0A0CEB5-EA6E-4F2E-9156-2F6774692919}.Debug|Any CPU.Build.0 = Debug|Any CPU
		{D0A0CEB5-EA6E-4F2E-9156-2F6774692919}.Release|Any CPU.ActiveCfg = Release|Any CPU
		{D0A0CEB5-EA6E-4F2E-9156-2F6774692919}.Release|Any CPU.Build.0 = Release|Any CPU
		{61B2DAF7-67CF-45DB-BA2A-776037BEBCAC}.Debug|Any CPU.ActiveCfg = Debug|Any CPU
		{61B2DAF7-67CF-45DB-BA2A-776037BEBCAC}.Debug|Any CPU.Build.0 = Debug|Any CPU
		{61B2DAF7-67CF-45DB-BA2A-776037BEBCAC}.Release|Any CPU.ActiveCfg = Release|Any CPU
		{61B2DAF7-67CF-45DB-BA2A-776037BEBCAC}.Release|Any CPU.Build.0 = Release|Any CPU
		{681AE2FA-C315-4093-97A9-F149B315D88E}.Debug|Any CPU.ActiveCfg = Debug|Any CPU
		{681AE2FA-C315-4093-97A9-F149B315D88E}.Debug|Any CPU.Build.0 = Debug|Any CPU
		{681AE2FA-C315-4093-97A9-F149B315D88E}.Release|Any CPU.ActiveCfg = Release|Any CPU
		{681AE2FA-C315-4093-97A9-F149B315D88E}.Release|Any CPU.Build.0 = Release|Any CPU
	EndGlobalSection
EndGlobal
